
Microsoft Visual Studio Solution File, Format Version 12.00
# Visual Studio Version 16
VisualStudioVersion = 16.0.28803.916
MinimumVisualStudioVersion = 10.0.40219.1
Project("{FAE04EC0-301F-11D3-BF4B-00C04F79EFBC}") = "AdocaodeCachorro", "AdocaodeCachorro\AdocaodeCachorro.csproj", "{C6E081E6-9116-466B-8B2A-FB9D3252B952}"
EndProject
Global
	GlobalSection(SolutionConfigurationPlatforms) = preSolution
		Debug|Any CPU = Debug|Any CPU
		Release|Any CPU = Release|Any CPU
	EndGlobalSection
	GlobalSection(ProjectConfigurationPlatforms) = postSolution
		{C6E081E6-9116-466B-8B2A-FB9D3252B952}.Debug|Any CPU.ActiveCfg = Debug|Any CPU
		{C6E081E6-9116-466B-8B2A-FB9D3252B952}.Debug|Any CPU.Build.0 = Debug|Any CPU
		{C6E081E6-9116-466B-8B2A-FB9D3252B952}.Release|Any CPU.ActiveCfg = Release|Any CPU
		{C6E081E6-9116-466B-8B2A-FB9D3252B952}.Release|Any CPU.Build.0 = Release|Any CPU
	EndGlobalSection
	GlobalSection(SolutionProperties) = preSolution
		HideSolutionNode = FALSE
	EndGlobalSection
	GlobalSection(ExtensibilityGlobals) = postSolution
		SolutionGuid = {335684E4-0A9B-4C1A-B5BA-7FFDFCEE7F02}
	EndGlobalSection
EndGlobal
